
Microsoft Visual Studio Solution File, Format Version 12.00
# Visual Studio Version 17
VisualStudioVersion = 17.8.34004.107
MinimumVisualStudioVersion = 10.0.40219.1
Project("{2150E333-8FDC-42A3-9474-1A3956D46DE8}") = "src", "src", "{FDDE2D5F-B832-414D-BFA6-76D238EB35AD}"
EndProject
Project("{9A19103F-16F7-4668-BE54-9A1E7A4F7556}") = "SwissWebApplicationFactory", "src\SwissWebApplicationFactory\SwissWebApplicationFactory.csproj", "{8159782E-655B-43AD-B45F-EBFB8370A503}"
EndProject
Project("{2150E333-8FDC-42A3-9474-1A3956D46DE8}") = "tests", "tests", "{7B2C1312-88FA-4A56-B3C4-83465D114BEF}"
EndProject
Project("{2150E333-8FDC-42A3-9474-1A3956D46DE8}") = "Solution Items", "Solution Items", "{FCC67A68-50CF-4556-951F-4C3A8A1858EF}"
	ProjectSection(SolutionItems) = preProject
		.editorconfig = .editorconfig
		Directory.Build.props = Directory.Build.props
		stylecop.json = stylecop.json
	EndProjectSection
EndProject
Project("{2150E333-8FDC-42A3-9474-1A3956D46DE8}") = "build", "build", "{31C81127-7E3B-459C-8A19-F4E72A18BE14}"
EndProject
Project("{9A19103F-16F7-4668-BE54-9A1E7A4F7556}") = "SwissWebApplicationFactory.Tests", "tests\SwissWebApplicationFactory.Tests\SwissWebApplicationFactory.Tests.csproj", "{85C80E9D-3DE8-4063-8DCB-2F5832C27536}"
EndProject
Project("{9A19103F-16F7-4668-BE54-9A1E7A4F7556}") = "SwissWebApplicationFactory.Stand", "tests\SwissWebApplicationFactory.Stand\SwissWebApplicationFactory.Stand.csproj", "{8067C98C-BBC7-4448-803A-AEABDC57E370}"
EndProject
Project("{9A19103F-16F7-4668-BE54-9A1E7A4F7556}") = "build", "build\build.csproj", "{810CBB0C-EB34-4F78-B74D-1F27FF35972C}"
EndProject
Global
	GlobalSection(SolutionConfigurationPlatforms) = preSolution
		Debug|Any CPU = Debug|Any CPU
		Release|Any CPU = Release|Any CPU
	EndGlobalSection
	GlobalSection(ProjectConfigurationPlatforms) = postSolution
		{8159782E-655B-43AD-B45F-EBFB8370A503}.Debug|Any CPU.ActiveCfg = Debug|Any CPU
		{8159782E-655B-43AD-B45F-EBFB8370A503}.Debug|Any CPU.Build.0 = Debug|Any CPU
		{8159782E-655B-43AD-B45F-EBFB8370A503}.Release|Any CPU.ActiveCfg = Release|Any CPU
		{8159782E-655B-43AD-B45F-EBFB8370A503}.Release|Any CPU.Build.0 = Release|Any CPU
		{85C80E9D-3DE8-4063-8DCB-2F5832C27536}.Debug|Any CPU.ActiveCfg = Debug|Any CPU
		{85C80E9D-3DE8-4063-8DCB-2F5832C27536}.Debug|Any CPU.Build.0 = Debug|Any CPU
		{85C80E9D-3DE8-4063-8DCB-2F5832C27536}.Release|Any CPU.ActiveCfg = Release|Any CPU
		{85C80E9D-3DE8-4063-8DCB-2F5832C27536}.Release|Any CPU.Build.0 = Release|Any CPU
		{8067C98C-BBC7-4448-803A-AEABDC57E370}.Debug|Any CPU.ActiveCfg = Debug|Any CPU
		{8067C98C-BBC7-4448-803A-AEABDC57E370}.Debug|Any CPU.Build.0 = Debug|Any CPU
		{8067C98C-BBC7-4448-803A-AEABDC57E370}.Release|Any CPU.ActiveCfg = Release|Any CPU
		{8067C98C-BBC7-4448-803A-AEABDC57E370}.Release|Any CPU.Build.0 = Release|Any CPU
		{810CBB0C-EB34-4F78-B74D-1F27FF35972C}.Debug|Any CPU.ActiveCfg = Debug|Any CPU
		{810CBB0C-EB34-4F78-B74D-1F27FF35972C}.Release|Any CPU.ActiveCfg = Release|Any CPU
	EndGlobalSection
	GlobalSection(SolutionProperties) = preSolution
		HideSolutionNode = FALSE
	EndGlobalSection
	GlobalSection(NestedProjects) = preSolution
		{8159782E-655B-43AD-B45F-EBFB8370A503} = {FDDE2D5F-B832-414D-BFA6-76D238EB35AD}
		{85C80E9D-3DE8-4063-8DCB-2F5832C27536} = {7B2C1312-88FA-4A56-B3C4-83465D114BEF}
		{8067C98C-BBC7-4448-803A-AEABDC57E370} = {7B2C1312-88FA-4A56-B3C4-83465D114BEF}
		{810CBB0C-EB34-4F78-B74D-1F27FF35972C} = {31C81127-7E3B-459C-8A19-F4E72A18BE14}
	EndGlobalSection
	GlobalSection(ExtensibilityGlobals) = postSolution
		SolutionGuid = {D0859B97-9A51-4371-8D86-D28C9C644D51}
	EndGlobalSection
EndGlobal
